
Microsoft Visual Studio Solution File, Format Version 12.00
# Visual Studio Version 17
VisualStudioVersion = 17.3.32929.385
MinimumVisualStudioVersion = 10.0.40219.1
Project("{FAE04EC0-301F-11D3-BF4B-00C04F79EFBC}") = "WPFMvvmPubBar", "WPFMvvmPubBar\WPFMvvmPubBar.csproj", "{7F5A17C1-7AD8-4599-BDC6-02E1EC54187A}"
EndProject
Global
	GlobalSection(SolutionConfigurationPlatforms) = preSolution
		Debug|Any CPU = Debug|Any CPU
		Release|Any CPU = Release|Any CPU
	EndGlobalSection
	GlobalSection(ProjectConfigurationPlatforms) = postSolution
		{7F5A17C1-7AD8-4599-BDC6-02E1EC54187A}.Debug|Any CPU.ActiveCfg = Debug|Any CPU
		{7F5A17C1-7AD8-4599-BDC6-02E1EC54187A}.Debug|Any CPU.Build.0 = Debug|Any CPU
		{7F5A17C1-7AD8-4599-BDC6-02E1EC54187A}.Release|Any CPU.ActiveCfg = Release|Any CPU
		{7F5A17C1-7AD8-4599-BDC6-02E1EC54187A}.Release|Any CPU.Build.0 = Release|Any CPU
	EndGlobalSection
	GlobalSection(SolutionProperties) = preSolution
		HideSolutionNode = FALSE
	EndGlobalSection
	GlobalSection(ExtensibilityGlobals) = postSolution
		SolutionGuid = {E8397508-2C21-4DA0-9532-7BEB601976C0}
	EndGlobalSection
EndGlobal
